<?xml version="1.0" encoding="utf-8"?>
<Project ToolsVersion="4.0" xmlns="http://schemas.microsoft.com/developer/msbuild/2003">
  <ItemGroup>
    <Filter Include="Source Files">
      <UniqueIdentifier>{4FC737F1-C7A5-4376-A066-2A32D752A2FF}</UniqueIdentifier>
      <Extensions>cpp;c;cc;cxx;def;odl;idl;hpj;bat;asm;asmx</Extensions>
    </Filter>
    <Filter Include="Header Files">
      <UniqueIdentifier>{93995380-89BD-4b04-88EB-625FBE52EBFB}</UniqueIdentifier>
      <Extensions>h;hh;hpp;hxx;hm;inl;inc;ipp;xsd</Extensions>
    </Filter>
    <Filter Include="Header Files\Display">
      <UniqueIdentifier>{6a819161-ed77-4dc4-9fd6-4e08e9dfb1c5}</UniqueIdentifier>
    </Filter>
    <Filter Include="Header Files\Resource">
      <UniqueIdentifier>{fa9be114-bf98-454c-a5f8-6a5dc1b65612}</UniqueIdentifier>
    </Filter>
    <Filter Include="Header Files\Util">
      <UniqueIdentifier>{a1ba6f54-1624-4b9f-8efa-c0b3c3d9c7ab}</UniqueIdentifier>
    </Filter>
    <Filter Include="Header Files\Math">
      <UniqueIdentifier>{41bdd6b6-b3d9-4b1a-a888-f5d72cce4e93}</UniqueIdentifier>
    </Filter>
    <Filter Include="Header Files\Init">
      <UniqueIdentifier>{84ca9449-5fa6-4ec8-a191-cb336249fdee}</UniqueIdentifier>
    </Filter>
    <Filter Include="Source Files\Init">
      <UniqueIdentifier>{556c587c-daa7-4775-9bac-d08fb545188a}</UniqueIdentifier>
    </Filter>
    <Filter Include="Source Files\Math">
      <UniqueIdentifier>{2185f120-a193-4c8e-8d60-d23b586bd876}</UniqueIdentifier>
    </Filter>
    <Filter Include="Source Files\Util">
      <UniqueIdentifier>{e70428b9-9612-4fc4-af64-4bbbbe77769d}</UniqueIdentifier>
    </Filter>
    <Filter Include="Source Files\Display">
      <UniqueIdentifier>{2e4bb6c3-334d-4e01-9af1-a6c0947a8d85}</UniqueIdentifier>
    </Filter>
    <Filter Include="Source Files\Resource">
      <UniqueIdentifier>{be680c72-3ed9-4992-9832-cb5a31f55509}</UniqueIdentifier>
    </Filter>
    <Filter Include="Header Files\Input">
      <UniqueIdentifier>{5fad0030-d9d3-4cdf-8804-1c4f53512f0d}</UniqueIdentifier>
    </Filter>
    <Filter Include="Source Files\Input">
      <UniqueIdentifier>{2e6fe816-877e-4c02-b775-9b3504eee761}</UniqueIdentifier>
    </Filter>
    <Filter Include="Header Files\World">
      <UniqueIdentifier>{7bf80c25-0c64-4038-a5bf-4ef773e09c0c}</UniqueIdentifier>
    </Filter>
    <Filter Include="Source Files\World">
      <UniqueIdentifier>{fab6e5f4-2ded-480b-8d10-e4fce17f8d59}</UniqueIdentifier>
    </Filter>
  </ItemGroup>
  <ItemGroup>
    <ClInclude Include="sonic.h">
      <Filter>Header Files\Init</Filter>
    </ClInclude>
    <ClInclude Include="display\sonic_display_window.h">
      <Filter>Header Files\Display</Filter>
    </ClInclude>
    <ClInclude Include="display\sonic_display_renderer.h">
      <Filter>Header Files\Display</Filter>
    </ClInclude>
    <ClInclude Include="input\sonic_input.h">
      <Filter>Header Files\Input</Filter>
    </ClInclude>
    <ClInclude Include="math\sonic_math_functions.h">
      <Filter>Header Files\Math</Filter>
    </ClInclude>
    <ClInclude Include="math\sonic_math_matrix.h">
      <Filter>Header Files\Math</Filter>
    </ClInclude>
    <ClInclude Include="math\sonic_math_vec2D.h">
      <Filter>Header Files\Math</Filter>
    </ClInclude>
    <ClInclude Include="resource\sonic_resource.h">
      <Filter>Header Files\Resource</Filter>
    </ClInclude>
    <ClInclude Include="resource\sonic_resource_font.h">
      <Filter>Header Files\Resource</Filter>
    </ClInclude>
    <ClInclude Include="resource\sonic_resource_sound.h">
      <Filter>Header Files\Resource</Filter>
    </ClInclude>
    <ClInclude Include="resource\sonic_resource_spritesheet.h">
      <Filter>Header Files\Resource</Filter>
    </ClInclude>
    <ClInclude Include="resource\sonic_resource_texture.h">
      <Filter>Header Files\Resource</Filter>
    </ClInclude>
    <ClInclude Include="util\sonic_util_clock.h">
      <Filter>Header Files\Util</Filter>
    </ClInclude>
    <ClInclude Include="util\sonic_util_frame_counter.h">
      <Filter>Header Files\Util</Filter>
    </ClInclude>
    <ClInclude Include="util\sonic_util_frame_timer.h">
      <Filter>Header Files\Util</Filter>
    </ClInclude>
    <ClInclude Include="util\sonic_util_instance_counter.h">
      <Filter>Header Files\Util</Filter>
    </ClInclude>
    <ClInclude Include="util\sonic_util_rectangle.h">
      <Filter>Header Files\Util</Filter>
    </ClInclude>
    <ClInclude Include="world\sonic_world_csp.h">
      <Filter>Header Files\World</Filter>
    </ClInclude>
    <ClInclude Include="world\sonic_world_obstacle.h">
      <Filter>Header Files\World</Filter>
    </ClInclude>
    <ClInclude Include="world\sonic_world_wall.h">
      <Filter>Header Files\World</Filter>
    </ClInclude>
  </ItemGroup>
  <ItemGroup>
    <ClCompile Include="sonic.cpp">
      <Filter>Source Files\Init</Filter>
    </ClCompile>
    <ClCompile Include="display\sonic_display_renderer.cpp">
      <Filter>Source Files\Display</Filter>
    </ClCompile>
    <ClCompile Include="display\sonic_display_window.cpp">
      <Filter>Source Files\Display</Filter>
    </ClCompile>
    <ClCompile Include="input\sonic_input.cpp">
      <Filter>Source Files\Input</Filter>
    </ClCompile>
    <ClCompile Include="resource\sonic_resource.cpp">
      <Filter>Source Files\Resource</Filter>
    </ClCompile>
    <ClCompile Include="resource\sonic_resource_font.cpp">
      <Filter>Source Files\Resource</Filter>
    </ClCompile>
    <ClCompile Include="resource\sonic_resource_sound.cpp">
      <Filter>Source Files\Resource</Filter>
    </ClCompile>
    <ClCompile Include="resource\sonic_resource_spritesheet.cpp">
      <Filter>Source Files\Resource</Filter>
    </ClCompile>
    <ClCompile Include="resource\sonic_resource_texture.cpp">
      <Filter>Source Files\Resource</Filter>
    </ClCompile>
    <ClCompile Include="util\sonic_util_clock.cpp">
      <Filter>Source Files\Util</Filter>
    </ClCompile>
    <ClCompile Include="util\sonic_util_frame_counter.cpp">
      <Filter>Source Files\Util</Filter>
    </ClCompile>
    <ClCompile Include="util\sonic_util_frame_timer.cpp">
      <Filter>Source Files\Util</Filter>
    </ClCompile>
    <ClCompile Include="util\sonic_util_rectangle.cpp">
      <Filter>Source Files\Util</Filter>
    </ClCompile>
    <ClCompile Include="world\sonic_world_obstacle.cpp">
      <Filter>Source Files\World</Filter>
    </ClCompile>
    <ClCompile Include="world\sonic_world_wall.cpp">
      <Filter>Source Files\World</Filter>
    </ClCompile>
  </ItemGroup>
</Project>